
Microsoft Visual Studio Solution File, Format Version 12.00
# Visual Studio Version 17
VisualStudioVersion = 17.3.32901.215
MinimumVisualStudioVersion = 10.0.40219.1
Project("{FAE04EC0-301F-11D3-BF4B-00C04F79EFBC}") = "DZ_ASP_Notes", "DZ_ASP_Notes\DZ_ASP_Notes.csproj", "{718B8DBB-5ED9-46E3-AF72-3270EC9C7703}"
EndProject
Project("{FAE04EC0-301F-11D3-BF4B-00C04F79EFBC}") = "LibraryForNotes", "LibraryForNotes\LibraryForNotes.csproj", "{09CAA4D8-3B58-413E-84C6-8D3CB11D563D}"
EndProject
Global
	GlobalSection(SolutionConfigurationPlatforms) = preSolution
		Debug|Any CPU = Debug|Any CPU
		Release|Any CPU = Release|Any CPU
	EndGlobalSection
	GlobalSection(ProjectConfigurationPlatforms) = postSolution
		{718B8DBB-5ED9-46E3-AF72-3270EC9C7703}.Debug|Any CPU.ActiveCfg = Debug|Any CPU
		{718B8DBB-5ED9-46E3-AF72-3270EC9C7703}.Debug|Any CPU.Build.0 = Debug|Any CPU
		{718B8DBB-5ED9-46E3-AF72-3270EC9C7703}.Release|Any CPU.ActiveCfg = Release|Any CPU
		{718B8DBB-5ED9-46E3-AF72-3270EC9C7703}.Release|Any CPU.Build.0 = Release|Any CPU
		{09CAA4D8-3B58-413E-84C6-8D3CB11D563D}.Debug|Any CPU.ActiveCfg = Debug|Any CPU
		{09CAA4D8-3B58-413E-84C6-8D3CB11D563D}.Debug|Any CPU.Build.0 = Debug|Any CPU
		{09CAA4D8-3B58-413E-84C6-8D3CB11D563D}.Release|Any CPU.ActiveCfg = Release|Any CPU
		{09CAA4D8-3B58-413E-84C6-8D3CB11D563D}.Release|Any CPU.Build.0 = Release|Any CPU
	EndGlobalSection
	GlobalSection(SolutionProperties) = preSolution
		HideSolutionNode = FALSE
	EndGlobalSection
	GlobalSection(ExtensibilityGlobals) = postSolution
		SolutionGuid = {6D34E058-3074-4A6F-9AB7-8DF25AD9EA7B}
	EndGlobalSection
EndGlobal
